
Microsoft Visual Studio Solution File, Format Version 12.00
# Visual Studio Version 17
VisualStudioVersion = 17.10.35027.167
MinimumVisualStudioVersion = 10.0.40219.1
Project("{C9674DCB-5085-4A16-B785-4C70DD1589BD}") = "Seles_Project", "Seles_Project.dtproj", "{31CF8B5A-B662-4B23-80AD-52893809C47F}"
EndProject
Global
	GlobalSection(SolutionConfigurationPlatforms) = preSolution
		Development|Default = Development|Default
	EndGlobalSection
	GlobalSection(ProjectConfigurationPlatforms) = postSolution
		{31CF8B5A-B662-4B23-80AD-52893809C47F}.Development|Default.ActiveCfg = Development
		{31CF8B5A-B662-4B23-80AD-52893809C47F}.Development|Default.Build.0 = Development
	EndGlobalSection
	GlobalSection(SolutionProperties) = preSolution
		HideSolutionNode = FALSE
	EndGlobalSection
	GlobalSection(ExtensibilityGlobals) = postSolution
		SolutionGuid = {3C0E2136-51A2-4639-B8E5-BB65EF9D62A9}
	EndGlobalSection
EndGlobal
